
Microsoft Visual Studio Solution File, Format Version 12.00
# Visual Studio Version 17
VisualStudioVersion = 17.9.34723.18
MinimumVisualStudioVersion = 10.0.40219.1
Project("{FAE04EC0-301F-11D3-BF4B-00C04F79EFBC}") = "QL_KTX", "QL_KTX.csproj", "{D6FE2B9B-8AAC-4AB1-B1EF-8FE7D13021BC}"
EndProject
Global
	GlobalSection(SolutionConfigurationPlatforms) = preSolution
		Debug|Any CPU = Debug|Any CPU
		Release|Any CPU = Release|Any CPU
	EndGlobalSection
	GlobalSection(ProjectConfigurationPlatforms) = postSolution
		{D6FE2B9B-8AAC-4AB1-B1EF-8FE7D13021BC}.Debug|Any CPU.ActiveCfg = Debug|Any CPU
		{D6FE2B9B-8AAC-4AB1-B1EF-8FE7D13021BC}.Debug|Any CPU.Build.0 = Debug|Any CPU
		{D6FE2B9B-8AAC-4AB1-B1EF-8FE7D13021BC}.Release|Any CPU.ActiveCfg = Release|Any CPU
		{D6FE2B9B-8AAC-4AB1-B1EF-8FE7D13021BC}.Release|Any CPU.Build.0 = Release|Any CPU
	EndGlobalSection
	GlobalSection(SolutionProperties) = preSolution
		HideSolutionNode = FALSE
	EndGlobalSection
	GlobalSection(ExtensibilityGlobals) = postSolution
		SolutionGuid = {2C7CEF9E-0C5C-4A51-8F24-AFBDC2754E03}
	EndGlobalSection
EndGlobal
